
Microsoft Visual Studio Solution File, Format Version 12.00
# Visual Studio Version 16
VisualStudioVersion = 16.0.29503.13
MinimumVisualStudioVersion = 10.0.40219.1
Project("{FAE04EC0-301F-11D3-BF4B-00C04F79EFBC}") = "KushaFlow", "KushaFlow\KushaFlow.csproj", "{20D4660B-E6FB-4789-BC15-8650B4D4D06F}"
EndProject
Global
	GlobalSection(SolutionConfigurationPlatforms) = preSolution
		Debug|Any CPU = Debug|Any CPU
		Release|Any CPU = Release|Any CPU
	EndGlobalSection
	GlobalSection(ProjectConfigurationPlatforms) = postSolution
		{20D4660B-E6FB-4789-BC15-8650B4D4D06F}.Debug|Any CPU.ActiveCfg = Debug|Any CPU
		{20D4660B-E6FB-4789-BC15-8650B4D4D06F}.Debug|Any CPU.Build.0 = Debug|Any CPU
		{20D4660B-E6FB-4789-BC15-8650B4D4D06F}.Release|Any CPU.ActiveCfg = Release|Any CPU
		{20D4660B-E6FB-4789-BC15-8650B4D4D06F}.Release|Any CPU.Build.0 = Release|Any CPU
	EndGlobalSection
	GlobalSection(SolutionProperties) = preSolution
		HideSolutionNode = FALSE
	EndGlobalSection
	GlobalSection(ExtensibilityGlobals) = postSolution
		SolutionGuid = {B8D06A6C-941E-41E7-BEA0-1B105EF27CE8}
	EndGlobalSection
EndGlobal
